
Microsoft Visual Studio Solution File, Format Version 12.00
# Visual Studio Version 16
VisualStudioVersion = 16.0.30225.117
MinimumVisualStudioVersion = 10.0.40219.1
Project("{FAE04EC0-301F-11D3-BF4B-00C04F79EFBC}") = "Sample.UWP", "Sample\Sample.UWP\Sample.UWP.csproj", "{A0EF48A3-59B8-4E82-B1A2-DC6672763603}"
EndProject
Project("{FAE04EC0-301F-11D3-BF4B-00C04F79EFBC}") = "Sample.Android", "Sample\Sample.Android\Sample.Android.csproj", "{430AEA93-9CF3-430E-899E-19E368EA78F0}"
EndProject
Project("{FAE04EC0-301F-11D3-BF4B-00C04F79EFBC}") = "Sample.iOS", "Sample\Sample.iOS\Sample.iOS.csproj", "{23C25CB8-1E92-4C6B-96B0-45459D12FAAD}"
EndProject
Project("{9A19103F-16F7-4668-BE54-9A1E7A4F7556}") = "Sample", "Sample\Sample\Sample.csproj", "{06D83800-BA6F-4DFF-B64B-0E5C96830469}"
EndProject
Project("{9A19103F-16F7-4668-BE54-9A1E7A4F7556}") = "VisiPlacer", "..\VisiPlacer.csproj", "{A80801AF-E3FB-42F4-BCAB-949A988E02CE}"
EndProject
Project("{9A19103F-16F7-4668-BE54-9A1E7A4F7556}") = "StatList", "..\deps\StatList\StatList.csproj", "{E256E170-CCAA-47CB-B625-A63F4ED84B98}"
EndProject
Project("{9A19103F-16F7-4668-BE54-9A1E7A4F7556}") = "VisiPlacer-UnitTests", "VisiPlacer-UnitTests\VisiPlacer-UnitTests.csproj", "{815EE696-AC17-4945-B767-6648BF41EF72}"
EndProject
Project("{FAE04EC0-301F-11D3-BF4B-00C04F79EFBC}") = "Uniforms.Misc", "..\..\Uniforms-Misc\Uniforms.Misc\Uniforms.Misc.csproj", "{97380917-62A3-44F2-8FEF-C92E0B68D317}"
EndProject
Project("{FAE04EC0-301F-11D3-BF4B-00C04F79EFBC}") = "Uniforms.Misc.Droid", "..\..\Uniforms-Misc\Uniforms.Misc.Droid\Uniforms.Misc.Droid.csproj", "{F03D6B60-AB98-4C16-AA3E-51A57ABBF2CA}"
EndProject
Project("{FAE04EC0-301F-11D3-BF4B-00C04F79EFBC}") = "Uniforms.Misc.iOS", "..\..\Uniforms-Misc\Uniforms.Misc.iOS\Uniforms.Misc.iOS.csproj", "{D13A4CCA-6F79-4D18-9DA0-A37163C0BC55}"
EndProject
Global
	GlobalSection(SolutionConfigurationPlatforms) = preSolution
		Debug|Any CPU = Debug|Any CPU
		Debug|ARM = Debug|ARM
		Debug|iPhone = Debug|iPhone
		Debug|iPhoneSimulator = Debug|iPhoneSimulator
		Debug|x64 = Debug|x64
		Debug|x86 = Debug|x86
		Release|Any CPU = Release|Any CPU
		Release|ARM = Release|ARM
		Release|iPhone = Release|iPhone
		Release|iPhoneSimulator = Release|iPhoneSimulator
		Release|x64 = Release|x64
		Release|x86 = Release|x86
	EndGlobalSection
	GlobalSection(ProjectConfigurationPlatforms) = postSolution
		{A0EF48A3-59B8-4E82-B1A2-DC6672763603}.Debug|Any CPU.ActiveCfg = Debug|x86
		{A0EF48A3-59B8-4E82-B1A2-DC6672763603}.Debug|Any CPU.Build.0 = Debug|x86
		{A0EF48A3-59B8-4E82-B1A2-DC6672763603}.Debug|Any CPU.Deploy.0 = Debug|x86
		{A0EF48A3-59B8-4E82-B1A2-DC6672763603}.Debug|ARM.ActiveCfg = Debug|ARM
		{A0EF48A3-59B8-4E82-B1A2-DC6672763603}.Debug|ARM.Build.0 = Debug|ARM
		{A0EF48A3-59B8-4E82-B1A2-DC6672763603}.Debug|ARM.Deploy.0 = Debug|ARM
		{A0EF48A3-59B8-4E82-B1A2-DC6672763603}.Debug|iPhone.ActiveCfg = Debug|x86
		{A0EF48A3-59B8-4E82-B1A2-DC6672763603}.Debug|iPhone.Build.0 = Debug|x86
		{A0EF48A3-59B8-4E82-B1A2-DC6672763603}.Debug|iPhone.Deploy.0 = Debug|x86
		{A0EF48A3-59B8-4E82-B1A2-DC6672763603}.Debug|iPhoneSimulator.ActiveCfg = Debug|x86
		{A0EF48A3-59B8-4E82-B1A2-DC6672763603}.Debug|iPhoneSimulator.Build.0 = Debug|x86
		{A0EF48A3-59B8-4E82-B1A2-DC6672763603}.Debug|iPhoneSimulator.Deploy.0 = Debug|x86
		{A0EF48A3-59B8-4E82-B1A2-DC6672763603}.Debug|x64.ActiveCfg = Debug|x64
		{A0EF48A3-59B8-4E82-B1A2-DC6672763603}.Debug|x64.Build.0 = Debug|x64
		{A0EF48A3-59B8-4E82-B1A2-DC6672763603}.Debug|x64.Deploy.0 = Debug|x64
		{A0EF48A3-59B8-4E82-B1A2-DC6672763603}.Debug|x86.ActiveCfg = Debug|x86
		{A0EF48A3-59B8-4E82-B1A2-DC6672763603}.Debug|x86.Build.0 = Debug|x86
		{A0EF48A3-59B8-4E82-B1A2-DC6672763603}.Debug|x86.Deploy.0 = Debug|x86
		{A0EF48A3-59B8-4E82-B1A2-DC6672763603}.Release|Any CPU.ActiveCfg = Release|x86
		{A0EF48A3-59B8-4E82-B1A2-DC6672763603}.Release|Any CPU.Build.0 = Release|x86
		{A0EF48A3-59B8-4E82-B1A2-DC6672763603}.Release|Any CPU.Deploy.0 = Release|x86
		{A0EF48A3-59B8-4E82-B1A2-DC6672763603}.Release|ARM.ActiveCfg = Release|ARM
		{A0EF48A3-59B8-4E82-B1A2-DC6672763603}.Release|ARM.Build.0 = Release|ARM
		{A0EF48A3-59B8-4E82-B1A2-DC6672763603}.Release|ARM.Deploy.0 = Release|ARM
		{A0EF48A3-59B8-4E82-B1A2-DC6672763603}.Release|iPhone.ActiveCfg = Release|x86
		{A0EF48A3-59B8-4E82-B1A2-DC6672763603}.Release|iPhone.Build.0 = Release|x86
		{A0EF48A3-59B8-4E82-B1A2-DC6672763603}.Release|iPhone.Deploy.0 = Release|x86
		{A0EF48A3-59B8-4E82-B1A2-DC6672763603}.Release|iPhoneSimulator.ActiveCfg = Release|x86
		{A0EF48A3-59B8-4E82-B1A2-DC6672763603}.Release|iPhoneSimulator.Build.0 = Release|x86
		{A0EF48A3-59B8-4E82-B1A2-DC6672763603}.Release|iPhoneSimulator.Deploy.0 = Release|x86
		{A0EF48A3-59B8-4E82-B1A2-DC6672763603}.Release|x64.ActiveCfg = Release|x64
		{A0EF48A3-59B8-4E82-B1A2-DC6672763603}.Release|x64.Build.0 = Release|x64
		{A0EF48A3-59B8-4E82-B1A2-DC6672763603}.Release|x64.Deploy.0 = Release|x64
		{A0EF48A3-59B8-4E82-B1A2-DC6672763603}.Release|x86.ActiveCfg = Release|x86
		{A0EF48A3-59B8-4E82-B1A2-DC6672763603}.Release|x86.Build.0 = Release|x86
		{A0EF48A3-59B8-4E82-B1A2-DC6672763603}.Release|x86.Deploy.0 = Release|x86
		{430AEA93-9CF3-430E-899E-19E368EA78F0}.Debug|Any CPU.ActiveCfg = Debug|Any CPU
		{430AEA93-9CF3-430E-899E-19E368EA78F0}.Debug|Any CPU.Build.0 = Debug|Any CPU
		{430AEA93-9CF3-430E-899E-19E368EA78F0}.Debug|Any CPU.Deploy.0 = Debug|Any CPU
		{430AEA93-9CF3-430E-899E-19E368EA78F0}.Debug|ARM.ActiveCfg = Debug|Any CPU
		{430AEA93-9CF3-430E-899E-19E368EA78F0}.Debug|ARM.Build.0 = Debug|Any CPU
		{430AEA93-9CF3-430E-899E-19E368EA78F0}.Debug|ARM.Deploy.0 = Debug|Any CPU
		{430AEA93-9CF3-430E-899E-19E368EA78F0}.Debug|iPhone.ActiveCfg = Debug|Any CPU
		{430AEA93-9CF3-430E-899E-19E368EA78F0}.Debug|iPhone.Build.0 = Debug|Any CPU
		{430AEA93-9CF3-430E-899E-19E368EA78F0}.Debug|iPhone.Deploy.0 = Debug|Any CPU
		{430AEA93-9CF3-430E-899E-19E368EA78F0}.Debug|iPhoneSimulator.ActiveCfg = Debug|Any CPU
		{430AEA93-9CF3-430E-899E-19E368EA78F0}.Debug|iPhoneSimulator.Build.0 = Debug|Any CPU
		{430AEA93-9CF3-430E-899E-19E368EA78F0}.Debug|iPhoneSimulator.Deploy.0 = Debug|Any CPU
		{430AEA93-9CF3-430E-899E-19E368EA78F0}.Debug|x64.ActiveCfg = Debug|Any CPU
		{430AEA93-9CF3-430E-899E-19E368EA78F0}.Debug|x64.Build.0 = Debug|Any CPU
		{430AEA93-9CF3-430E-899E-19E368EA78F0}.Debug|x64.Deploy.0 = Debug|Any CPU
		{430AEA93-9CF3-430E-899E-19E368EA78F0}.Debug|x86.ActiveCfg = Debug|Any CPU
		{430AEA93-9CF3-430E-899E-19E368EA78F0}.Debug|x86.Build.0 = Debug|Any CPU
		{430AEA93-9CF3-430E-899E-19E368EA78F0}.Debug|x86.Deploy.0 = Debug|Any CPU
		{430AEA93-9CF3-430E-899E-19E368EA78F0}.Release|Any CPU.ActiveCfg = Release|Any CPU
		{430AEA93-9CF3-430E-899E-19E368EA78F0}.Release|Any CPU.Build.0 = Release|Any CPU
		{430AEA93-9CF3-430E-899E-19E368EA78F0}.Release|Any CPU.Deploy.0 = Release|Any CPU
		{430AEA93-9CF3-430E-899E-19E368EA78F0}.Release|ARM.ActiveCfg = Release|Any CPU
		{430AEA93-9CF3-430E-899E-19E368EA78F0}.Release|ARM.Build.0 = Release|Any CPU
		{430AEA93-9CF3-430E-899E-19E368EA78F0}.Release|ARM.Deploy.0 = Release|Any CPU
		{430AEA93-9CF3-430E-899E-19E368EA78F0}.Release|iPhone.ActiveCfg = Release|Any CPU
		{430AEA93-9CF3-430E-899E-19E368EA78F0}.Release|iPhone.Build.0 = Release|Any CPU
		{430AEA93-9CF3-430E-899E-19E368EA78F0}.Release|iPhone.Deploy.0 = Release|Any CPU
		{430AEA93-9CF3-430E-899E-19E368EA78F0}.Release|iPhoneSimulator.ActiveCfg = Release|Any CPU
		{430AEA93-9CF3-430E-899E-19E368EA78F0}.Release|iPhoneSimulator.Build.0 = Release|Any CPU
		{430AEA93-9CF3-430E-899E-19E368EA78F0}.Release|iPhoneSimulator.Deploy.0 = Release|Any CPU
		{430AEA93-9CF3-430E-899E-19E368EA78F0}.Release|x64.ActiveCfg = Release|Any CPU
		{430AEA93-9CF3-430E-899E-19E368EA78F0}.Release|x64.Build.0 = Release|Any CPU
		{430AEA93-9CF3-430E-899E-19E368EA78F0}.Release|x64.Deploy.0 = Release|Any CPU
		{430AEA93-9CF3-430E-899E-19E368EA78F0}.Release|x86.ActiveCfg = Release|Any CPU
		{430AEA93-9CF3-430E-899E-19E368EA78F0}.Release|x86.Build.0 = Release|Any CPU
		{430AEA93-9CF3-430E-899E-19E368EA78F0}.Release|x86.Deploy.0 = Release|Any CPU
		{23C25CB8-1E92-4C6B-96B0-45459D12FAAD}.Debug|Any CPU.ActiveCfg = Debug|iPhone
		{23C25CB8-1E92-4C6B-96B0-45459D12FAAD}.Debug|Any CPU.Build.0 = Debug|iPhone
		{23C25CB8-1E92-4C6B-96B0-45459D12FAAD}.Debug|Any CPU.Deploy.0 = Debug|iPhone
		{23C25CB8-1E92-4C6B-96B0-45459D12FAAD}.Debug|ARM.ActiveCfg = Debug|iPhone
		{23C25CB8-1E92-4C6B-96B0-45459D12FAAD}.Debug|ARM.Build.0 = Debug|iPhone
		{23C25CB8-1E92-4C6B-96B0-45459D12FAAD}.Debug|ARM.Deploy.0 = Debug|iPhone
		{23C25CB8-1E92-4C6B-96B0-45459D12FAAD}.Debug|iPhone.ActiveCfg = Debug|iPhone
		{23C25CB8-1E92-4C6B-96B0-45459D12FAAD}.Debug|iPhone.Build.0 = Debug|iPhone
		{23C25CB8-1E92-4C6B-96B0-45459D12FAAD}.Debug|iPhone.Deploy.0 = Debug|iPhone
		{23C25CB8-1E92-4C6B-96B0-45459D12FAAD}.Debug|iPhoneSimulator.ActiveCfg = Debug|iPhoneSimulator
		{23C25CB8-1E92-4C6B-96B0-45459D12FAAD}.Debug|iPhoneSimulator.Build.0 = Debug|iPhoneSimulator
		{23C25CB8-1E92-4C6B-96B0-45459D12FAAD}.Debug|iPhoneSimulator.Deploy.0 = Debug|iPhoneSimulator
		{23C25CB8-1E92-4C6B-96B0-45459D12FAAD}.Debug|x64.ActiveCfg = Debug|iPhone
		{23C25CB8-1E92-4C6B-96B0-45459D12FAAD}.Debug|x64.Build.0 = Debug|iPhone
		{23C25CB8-1E92-4C6B-96B0-45459D12FAAD}.Debug|x64.Deploy.0 = Debug|iPhone
		{23C25CB8-1E92-4C6B-96B0-45459D12FAAD}.Debug|x86.ActiveCfg = Debug|iPhone
		{23C25CB8-1E92-4C6B-96B0-45459D12FAAD}.Debug|x86.Build.0 = Debug|iPhone
		{23C25CB8-1E92-4C6B-96B0-45459D12FAAD}.Debug|x86.Deploy.0 = Debug|iPhone
		{23C25CB8-1E92-4C6B-96B0-45459D12FAAD}.Release|Any CPU.ActiveCfg = Release|iPhone
		{23C25CB8-1E92-4C6B-96B0-45459D12FAAD}.Release|Any CPU.Build.0 = Release|iPhone
		{23C25CB8-1E92-4C6B-96B0-45459D12FAAD}.Release|Any CPU.Deploy.0 = Release|iPhone
		{23C25CB8-1E92-4C6B-96B0-45459D12FAAD}.Release|ARM.ActiveCfg = Release|iPhone
		{23C25CB8-1E92-4C6B-96B0-45459D12FAAD}.Release|ARM.Build.0 = Release|iPhone
		{23C25CB8-1E92-4C6B-96B0-45459D12FAAD}.Release|ARM.Deploy.0 = Release|iPhone
		{23C25CB8-1E92-4C6B-96B0-45459D12FAAD}.Release|iPhone.ActiveCfg = Release|iPhone
		{23C25CB8-1E92-4C6B-96B0-45459D12FAAD}.Release|iPhone.Build.0 = Release|iPhone
		{23C25CB8-1E92-4C6B-96B0-45459D12FAAD}.Release|iPhone.Deploy.0 = Release|iPhone
		{23C25CB8-1E92-4C6B-96B0-45459D12FAAD}.Release|iPhoneSimulator.ActiveCfg = Release|iPhoneSimulator
		{23C25CB8-1E92-4C6B-96B0-45459D12FAAD}.Release|iPhoneSimulator.Build.0 = Release|iPhoneSimulator
		{23C25CB8-1E92-4C6B-96B0-45459D12FAAD}.Release|iPhoneSimulator.Deploy.0 = Release|iPhoneSimulator
		{23C25CB8-1E92-4C6B-96B0-45459D12FAAD}.Release|x64.ActiveCfg = Release|iPhone
		{23C25CB8-1E92-4C6B-96B0-45459D12FAAD}.Release|x64.Build.0 = Release|iPhone
		{23C25CB8-1E92-4C6B-96B0-45459D12FAAD}.Release|x64.Deploy.0 = Release|iPhone
		{23C25CB8-1E92-4C6B-96B0-45459D12FAAD}.Release|x86.ActiveCfg = Release|iPhone
		{23C25CB8-1E92-4C6B-96B0-45459D12FAAD}.Release|x86.Build.0 = Release|iPhone
		{23C25CB8-1E92-4C6B-96B0-45459D12FAAD}.Release|x86.Deploy.0 = Release|iPhone
		{06D83800-BA6F-4DFF-B64B-0E5C96830469}.Debug|Any CPU.ActiveCfg = Debug|Any CPU
		{06D83800-BA6F-4DFF-B64B-0E5C96830469}.Debug|Any CPU.Build.0 = Debug|Any CPU
		{06D83800-BA6F-4DFF-B64B-0E5C96830469}.Debug|Any CPU.Deploy.0 = Debug|Any CPU
		{06D83800-BA6F-4DFF-B64B-0E5C96830469}.Debug|ARM.ActiveCfg = Debug|Any CPU
		{06D83800-BA6F-4DFF-B64B-0E5C96830469}.Debug|ARM.Build.0 = Debug|Any CPU
		{06D83800-BA6F-4DFF-B64B-0E5C96830469}.Debug|ARM.Deploy.0 = Debug|Any CPU
		{06D83800-BA6F-4DFF-B64B-0E5C96830469}.Debug|iPhone.ActiveCfg = Debug|Any CPU
		{06D83800-BA6F-4DFF-B64B-0E5C96830469}.Debug|iPhone.Build.0 = Debug|Any CPU
		{06D83800-BA6F-4DFF-B64B-0E5C96830469}.Debug|iPhone.Deploy.0 = Debug|Any CPU
		{06D83800-BA6F-4DFF-B64B-0E5C96830469}.Debug|iPhoneSimulator.ActiveCfg = Debug|Any CPU
		{06D83800-BA6F-4DFF-B64B-0E5C96830469}.Debug|iPhoneSimulator.Build.0 = Debug|Any CPU
		{06D83800-BA6F-4DFF-B64B-0E5C96830469}.Debug|iPhoneSimulator.Deploy.0 = Debug|Any CPU
		{06D83800-BA6F-4DFF-B64B-0E5C96830469}.Debug|x64.ActiveCfg = Debug|Any CPU
		{06D83800-BA6F-4DFF-B64B-0E5C96830469}.Debug|x64.Build.0 = Debug|Any CPU
		{06D83800-BA6F-4DFF-B64B-0E5C96830469}.Debug|x64.Deploy.0 = Debug|Any CPU
		{06D83800-BA6F-4DFF-B64B-0E5C96830469}.Debug|x86.ActiveCfg = Debug|Any CPU
		{06D83800-BA6F-4DFF-B64B-0E5C96830469}.Debug|x86.Build.0 = Debug|Any CPU
		{06D83800-BA6F-4DFF-B64B-0E5C96830469}.Debug|x86.Deploy.0 = Debug|Any CPU
		{06D83800-BA6F-4DFF-B64B-0E5C96830469}.Release|Any CPU.ActiveCfg = Release|Any CPU
		{06D83800-BA6F-4DFF-B64B-0E5C96830469}.Release|Any CPU.Build.0 = Release|Any CPU
		{06D83800-BA6F-4DFF-B64B-0E5C96830469}.Release|Any CPU.Deploy.0 = Release|Any CPU
		{06D83800-BA6F-4DFF-B64B-0E5C96830469}.Release|ARM.ActiveCfg = Release|Any CPU
		{06D83800-BA6F-4DFF-B64B-0E5C96830469}.Release|ARM.Build.0 = Release|Any CPU
		{06D83800-BA6F-4DFF-B64B-0E5C96830469}.Release|ARM.Deploy.0 = Release|Any CPU
		{06D83800-BA6F-4DFF-B64B-0E5C96830469}.Release|iPhone.ActiveCfg = Release|Any CPU
		{06D83800-BA6F-4DFF-B64B-0E5C96830469}.Release|iPhone.Build.0 = Release|Any CPU
		{06D83800-BA6F-4DFF-B64B-0E5C96830469}.Release|iPhone.Deploy.0 = Release|Any CPU
		{06D83800-BA6F-4DFF-B64B-0E5C96830469}.Release|iPhoneSimulator.ActiveCfg = Release|Any CPU
		{06D83800-BA6F-4DFF-B64B-0E5C96830469}.Release|iPhoneSimulator.Build.0 = Release|Any CPU
		{06D83800-BA6F-4DFF-B64B-0E5C96830469}.Release|iPhoneSimulator.Deploy.0 = Release|Any CPU
		{06D83800-BA6F-4DFF-B64B-0E5C96830469}.Release|x64.ActiveCfg = Release|Any CPU
		{06D83800-BA6F-4DFF-B64B-0E5C96830469}.Release|x64.Build.0 = Release|Any CPU
		{06D83800-BA6F-4DFF-B64B-0E5C96830469}.Release|x64.Deploy.0 = Release|Any CPU
		{06D83800-BA6F-4DFF-B64B-0E5C96830469}.Release|x86.ActiveCfg = Release|Any CPU
		{06D83800-BA6F-4DFF-B64B-0E5C96830469}.Release|x86.Build.0 = Release|Any CPU
		{06D83800-BA6F-4DFF-B64B-0E5C96830469}.Release|x86.Deploy.0 = Release|Any CPU
		{A80801AF-E3FB-42F4-BCAB-949A988E02CE}.Debug|Any CPU.ActiveCfg = Debug|Any CPU
		{A80801AF-E3FB-42F4-BCAB-949A988E02CE}.Debug|Any CPU.Build.0 = Debug|Any CPU
		{A80801AF-E3FB-42F4-BCAB-949A988E02CE}.Debug|ARM.ActiveCfg = Debug|Any CPU
		{A80801AF-E3FB-42F4-BCAB-949A988E02CE}.Debug|ARM.Build.0 = Debug|Any CPU
		{A80801AF-E3FB-42F4-BCAB-949A988E02CE}.Debug|iPhone.ActiveCfg = Debug|Any CPU
		{A80801AF-E3FB-42F4-BCAB-949A988E02CE}.Debug|iPhone.Build.0 = Debug|Any CPU
		{A80801AF-E3FB-42F4-BCAB-949A988E02CE}.Debug|iPhoneSimulator.ActiveCfg = Debug|Any CPU
		{A80801AF-E3FB-42F4-BCAB-949A988E02CE}.Debug|iPhoneSimulator.Build.0 = Debug|Any CPU
		{A80801AF-E3FB-42F4-BCAB-949A988E02CE}.Debug|x64.ActiveCfg = Debug|Any CPU
		{A80801AF-E3FB-42F4-BCAB-949A988E02CE}.Debug|x64.Build.0 = Debug|Any CPU
		{A80801AF-E3FB-42F4-BCAB-949A988E02CE}.Debug|x86.ActiveCfg = Debug|Any CPU
		{A80801AF-E3FB-42F4-BCAB-949A988E02CE}.Debug|x86.Build.0 = Debug|Any CPU
		{A80801AF-E3FB-42F4-BCAB-949A988E02CE}.Release|Any CPU.ActiveCfg = Release|Any CPU
		{A80801AF-E3FB-42F4-BCAB-949A988E02CE}.Release|Any CPU.Build.0 = Release|Any CPU
		{A80801AF-E3FB-42F4-BCAB-949A988E02CE}.Release|ARM.ActiveCfg = Release|Any CPU
		{A80801AF-E3FB-42F4-BCAB-949A988E02CE}.Release|ARM.Build.0 = Release|Any CPU
		{A80801AF-E3FB-42F4-BCAB-949A988E02CE}.Release|iPhone.ActiveCfg = Release|Any CPU
		{A80801AF-E3FB-42F4-BCAB-949A988E02CE}.Release|iPhone.Build.0 = Release|Any CPU
		{A80801AF-E3FB-42F4-BCAB-949A988E02CE}.Release|iPhoneSimulator.ActiveCfg = Release|Any CPU
		{A80801AF-E3FB-42F4-BCAB-949A988E02CE}.Release|iPhoneSimulator.Build.0 = Release|Any CPU
		{A80801AF-E3FB-42F4-BCAB-949A988E02CE}.Release|x64.ActiveCfg = Release|Any CPU
		{A80801AF-E3FB-42F4-BCAB-949A988E02CE}.Release|x64.Build.0 = Release|Any CPU
		{A80801AF-E3FB-42F4-BCAB-949A988E02CE}.Release|x86.ActiveCfg = Release|Any CPU
		{A80801AF-E3FB-42F4-BCAB-949A988E02CE}.Release|x86.Build.0 = Release|Any CPU
		{E256E170-CCAA-47CB-B625-A63F4ED84B98}.Debug|Any CPU.ActiveCfg = Debug|Any CPU
		{E256E170-CCAA-47CB-B625-A63F4ED84B98}.Debug|Any CPU.Build.0 = Debug|Any CPU
		{E256E170-CCAA-47CB-B625-A63F4ED84B98}.Debug|ARM.ActiveCfg = Debug|Any CPU
		{E256E170-CCAA-47CB-B625-A63F4ED84B98}.Debug|ARM.Build.0 = Debug|Any CPU
		{E256E170-CCAA-47CB-B625-A63F4ED84B98}.Debug|iPhone.ActiveCfg = Debug|Any CPU
		{E256E170-CCAA-47CB-B625-A63F4ED84B98}.Debug|iPhone.Build.0 = Debug|Any CPU
		{E256E170-CCAA-47CB-B625-A63F4ED84B98}.Debug|iPhoneSimulator.ActiveCfg = Debug|Any CPU
		{E256E170-CCAA-47CB-B625-A63F4ED84B98}.Debug|iPhoneSimulator.Build.0 = Debug|Any CPU
		{E256E170-CCAA-47CB-B625-A63F4ED84B98}.Debug|x64.ActiveCfg = Debug|Any CPU
		{E256E170-CCAA-47CB-B625-A63F4ED84B98}.Debug|x64.Build.0 = Debug|Any CPU
		{E256E170-CCAA-47CB-B625-A63F4ED84B98}.Debug|x86.ActiveCfg = Debug|Any CPU
		{E256E170-CCAA-47CB-B625-A63F4ED84B98}.Debug|x86.Build.0 = Debug|Any CPU
		{E256E170-CCAA-47CB-B625-A63F4ED84B98}.Release|Any CPU.ActiveCfg = Release|Any CPU
		{E256E170-CCAA-47CB-B625-A63F4ED84B98}.Release|Any CPU.Build.0 = Release|Any CPU
		{E256E170-CCAA-47CB-B625-A63F4ED84B98}.Release|ARM.ActiveCfg = Release|Any CPU
		{E256E170-CCAA-47CB-B625-A63F4ED84B98}.Release|ARM.Build.0 = Release|Any CPU
		{E256E170-CCAA-47CB-B625-A63F4ED84B98}.Release|iPhone.ActiveCfg = Release|Any CPU
		{E256E170-CCAA-47CB-B625-A63F4ED84B98}.Release|iPhone.Build.0 = Release|Any CPU
		{E256E170-CCAA-47CB-B625-A63F4ED84B98}.Release|iPhoneSimulator.ActiveCfg = Release|Any CPU
		{E256E170-CCAA-47CB-B625-A63F4ED84B98}.Release|iPhoneSimulator.Build.0 = Release|Any CPU
		{E256E170-CCAA-47CB-B625-A63F4ED84B98}.Release|x64.ActiveCfg = Release|Any CPU
		{E256E170-CCAA-47CB-B625-A63F4ED84B98}.Release|x64.Build.0 = Release|Any CPU
		{E256E170-CCAA-47CB-B625-A63F4ED84B98}.Release|x86.ActiveCfg = Release|Any CPU
		{E256E170-CCAA-47CB-B625-A63F4ED84B98}.Release|x86.Build.0 = Release|Any CPU
		{815EE696-AC17-4945-B767-6648BF41EF72}.Debug|Any CPU.ActiveCfg = Debug|Any CPU
		{815EE696-AC17-4945-B767-6648BF41EF72}.Debug|Any CPU.Build.0 = Debug|Any CPU
		{815EE696-AC17-4945-B767-6648BF41EF72}.Debug|ARM.ActiveCfg = Debug|Any CPU
		{815EE696-AC17-4945-B767-6648BF41EF72}.Debug|ARM.Build.0 = Debug|Any CPU
		{815EE696-AC17-4945-B767-6648BF41EF72}.Debug|iPhone.ActiveCfg = Debug|Any CPU
		{815EE696-AC17-4945-B767-6648BF41EF72}.Debug|iPhone.Build.0 = Debug|Any CPU
		{815EE696-AC17-4945-B767-6648BF41EF72}.Debug|iPhoneSimulator.ActiveCfg = Debug|Any CPU
		{815EE696-AC17-4945-B767-6648BF41EF72}.Debug|iPhoneSimulator.Build.0 = Debug|Any CPU
		{815EE696-AC17-4945-B767-6648BF41EF72}.Debug|x64.ActiveCfg = Debug|Any CPU
		{815EE696-AC17-4945-B767-6648BF41EF72}.Debug|x64.Build.0 = Debug|Any CPU
		{815EE696-AC17-4945-B767-6648BF41EF72}.Debug|x86.ActiveCfg = Debug|Any CPU
		{815EE696-AC17-4945-B767-6648BF41EF72}.Debug|x86.Build.0 = Debug|Any CPU
		{815EE696-AC17-4945-B767-6648BF41EF72}.Release|Any CPU.ActiveCfg = Release|Any CPU
		{815EE696-AC17-4945-B767-6648BF41EF72}.Release|Any CPU.Build.0 = Release|Any CPU
		{815EE696-AC17-4945-B767-6648BF41EF72}.Release|ARM.ActiveCfg = Release|Any CPU
		{815EE696-AC17-4945-B767-6648BF41EF72}.Release|ARM.Build.0 = Release|Any CPU
		{815EE696-AC17-4945-B767-6648BF41EF72}.Release|iPhone.ActiveCfg = Release|Any CPU
		{815EE696-AC17-4945-B767-6648BF41EF72}.Release|iPhone.Build.0 = Release|Any CPU
		{815EE696-AC17-4945-B767-6648BF41EF72}.Release|iPhoneSimulator.ActiveCfg = Release|Any CPU
		{815EE696-AC17-4945-B767-6648BF41EF72}.Release|iPhoneSimulator.Build.0 = Release|Any CPU
		{815EE696-AC17-4945-B767-6648BF41EF72}.Release|x64.ActiveCfg = Release|Any CPU
		{815EE696-AC17-4945-B767-6648BF41EF72}.Release|x64.Build.0 = Release|Any CPU
		{815EE696-AC17-4945-B767-6648BF41EF72}.Release|x86.ActiveCfg = Release|Any CPU
		{815EE696-AC17-4945-B767-6648BF41EF72}.Release|x86.Build.0 = Release|Any CPU
		{97380917-62A3-44F2-8FEF-C92E0B68D317}.Debug|Any CPU.ActiveCfg = Debug|Any CPU
		{97380917-62A3-44F2-8FEF-C92E0B68D317}.Debug|Any CPU.Build.0 = Debug|Any CPU
		{97380917-62A3-44F2-8FEF-C92E0B68D317}.Debug|ARM.ActiveCfg = Debug|Any CPU
		{97380917-62A3-44F2-8FEF-C92E0B68D317}.Debug|ARM.Build.0 = Debug|Any CPU
		{97380917-62A3-44F2-8FEF-C92E0B68D317}.Debug|iPhone.ActiveCfg = Debug|Any CPU
		{97380917-62A3-44F2-8FEF-C92E0B68D317}.Debug|iPhone.Build.0 = Debug|Any CPU
		{97380917-62A3-44F2-8FEF-C92E0B68D317}.Debug|iPhoneSimulator.ActiveCfg = Debug|Any CPU
		{97380917-62A3-44F2-8FEF-C92E0B68D317}.Debug|iPhoneSimulator.Build.0 = Debug|Any CPU
		{97380917-62A3-44F2-8FEF-C92E0B68D317}.Debug|x64.ActiveCfg = Debug|Any CPU
		{97380917-62A3-44F2-8FEF-C92E0B68D317}.Debug|x64.Build.0 = Debug|Any CPU
		{97380917-62A3-44F2-8FEF-C92E0B68D317}.Debug|x86.ActiveCfg = Debug|Any CPU
		{97380917-62A3-44F2-8FEF-C92E0B68D317}.Debug|x86.Build.0 = Debug|Any CPU
		{97380917-62A3-44F2-8FEF-C92E0B68D317}.Release|Any CPU.ActiveCfg = Release|Any CPU
		{97380917-62A3-44F2-8FEF-C92E0B68D317}.Release|Any CPU.Build.0 = Release|Any CPU
		{97380917-62A3-44F2-8FEF-C92E0B68D317}.Release|ARM.ActiveCfg = Release|Any CPU
		{97380917-62A3-44F2-8FEF-C92E0B68D317}.Release|ARM.Build.0 = Release|Any CPU
		{97380917-62A3-44F2-8FEF-C92E0B68D317}.Release|iPhone.ActiveCfg = Release|Any CPU
		{97380917-62A3-44F2-8FEF-C92E0B68D317}.Release|iPhone.Build.0 = Release|Any CPU
		{97380917-62A3-44F2-8FEF-C92E0B68D317}.Release|iPhoneSimulator.ActiveCfg = Release|Any CPU
		{97380917-62A3-44F2-8FEF-C92E0B68D317}.Release|iPhoneSimulator.Build.0 = Release|Any CPU
		{97380917-62A3-44F2-8FEF-C92E0B68D317}.Release|x64.ActiveCfg = Release|Any CPU
		{97380917-62A3-44F2-8FEF-C92E0B68D317}.Release|x64.Build.0 = Release|Any CPU
		{97380917-62A3-44F2-8FEF-C92E0B68D317}.Release|x86.ActiveCfg = Release|Any CPU
		{97380917-62A3-44F2-8FEF-C92E0B68D317}.Release|x86.Build.0 = Release|Any CPU
		{F03D6B60-AB98-4C16-AA3E-51A57ABBF2CA}.Debug|Any CPU.ActiveCfg = Debug|Any CPU
		{F03D6B60-AB98-4C16-AA3E-51A57ABBF2CA}.Debug|Any CPU.Build.0 = Debug|Any CPU
		{F03D6B60-AB98-4C16-AA3E-51A57ABBF2CA}.Debug|ARM.ActiveCfg = Debug|Any CPU
		{F03D6B60-AB98-4C16-AA3E-51A57ABBF2CA}.Debug|ARM.Build.0 = Debug|Any CPU
		{F03D6B60-AB98-4C16-AA3E-51A57ABBF2CA}.Debug|iPhone.ActiveCfg = Debug|Any CPU
		{F03D6B60-AB98-4C16-AA3E-51A57ABBF2CA}.Debug|iPhone.Build.0 = Debug|Any CPU
		{F03D6B60-AB98-4C16-AA3E-51A57ABBF2CA}.Debug|iPhoneSimulator.ActiveCfg = Debug|Any CPU
		{F03D6B60-AB98-4C16-AA3E-51A57ABBF2CA}.Debug|iPhoneSimulator.Build.0 = Debug|Any CPU
		{F03D6B60-AB98-4C16-AA3E-51A57ABBF2CA}.Debug|x64.ActiveCfg = Debug|Any CPU
		{F03D6B60-AB98-4C16-AA3E-51A57ABBF2CA}.Debug|x64.Build.0 = Debug|Any CPU
		{F03D6B60-AB98-4C16-AA3E-51A57ABBF2CA}.Debug|x86.ActiveCfg = Debug|Any CPU
		{F03D6B60-AB98-4C16-AA3E-51A57ABBF2CA}.Debug|x86.Build.0 = Debug|Any CPU
		{F03D6B60-AB98-4C16-AA3E-51A57ABBF2CA}.Release|Any CPU.ActiveCfg = Release|Any CPU
		{F03D6B60-AB98-4C16-AA3E-51A57ABBF2CA}.Release|Any CPU.Build.0 = Release|Any CPU
		{F03D6B60-AB98-4C16-AA3E-51A57ABBF2CA}.Release|ARM.ActiveCfg = Release|Any CPU
		{F03D6B60-AB98-4C16-AA3E-51A57ABBF2CA}.Release|ARM.Build.0 = Release|Any CPU
		{F03D6B60-AB98-4C16-AA3E-51A57ABBF2CA}.Release|iPhone.ActiveCfg = Release|Any CPU
		{F03D6B60-AB98-4C16-AA3E-51A57ABBF2CA}.Release|iPhone.Build.0 = Release|Any CPU
		{F03D6B60-AB98-4C16-AA3E-51A57ABBF2CA}.Release|iPhoneSimulator.ActiveCfg = Release|Any CPU
		{F03D6B60-AB98-4C16-AA3E-51A57ABBF2CA}.Release|iPhoneSimulator.Build.0 = Release|Any CPU
		{F03D6B60-AB98-4C16-AA3E-51A57ABBF2CA}.Release|x64.ActiveCfg = Release|Any CPU
		{F03D6B60-AB98-4C16-AA3E-51A57ABBF2CA}.Release|x64.Build.0 = Release|Any CPU
		{F03D6B60-AB98-4C16-AA3E-51A57ABBF2CA}.Release|x86.ActiveCfg = Release|Any CPU
		{F03D6B60-AB98-4C16-AA3E-51A57ABBF2CA}.Release|x86.Build.0 = Release|Any CPU
		{D13A4CCA-6F79-4D18-9DA0-A37163C0BC55}.Debug|Any CPU.ActiveCfg = Debug|Any CPU
		{D13A4CCA-6F79-4D18-9DA0-A37163C0BC55}.Debug|Any CPU.Build.0 = Debug|Any CPU
		{D13A4CCA-6F79-4D18-9DA0-A37163C0BC55}.Debug|ARM.ActiveCfg = Debug|Any CPU
		{D13A4CCA-6F79-4D18-9DA0-A37163C0BC55}.Debug|ARM.Build.0 = Debug|Any CPU
		{D13A4CCA-6F79-4D18-9DA0-A37163C0BC55}.Debug|iPhone.ActiveCfg = Debug|Any CPU
		{D13A4CCA-6F79-4D18-9DA0-A37163C0BC55}.Debug|iPhone.Build.0 = Debug|Any CPU
		{D13A4CCA-6F79-4D18-9DA0-A37163C0BC55}.Debug|iPhoneSimulator.ActiveCfg = Debug|Any CPU
		{D13A4CCA-6F79-4D18-9DA0-A37163C0BC55}.Debug|iPhoneSimulator.Build.0 = Debug|Any CPU
		{D13A4CCA-6F79-4D18-9DA0-A37163C0BC55}.Debug|x64.ActiveCfg = Debug|Any CPU
		{D13A4CCA-6F79-4D18-9DA0-A37163C0BC55}.Debug|x64.Build.0 = Debug|Any CPU
		{D13A4CCA-6F79-4D18-9DA0-A37163C0BC55}.Debug|x86.ActiveCfg = Debug|Any CPU
		{D13A4CCA-6F79-4D18-9DA0-A37163C0BC55}.Debug|x86.Build.0 = Debug|Any CPU
		{D13A4CCA-6F79-4D18-9DA0-A37163C0BC55}.Release|Any CPU.ActiveCfg = Release|Any CPU
		{D13A4CCA-6F79-4D18-9DA0-A37163C0BC55}.Release|Any CPU.Build.0 = Release|Any CPU
		{D13A4CCA-6F79-4D18-9DA0-A37163C0BC55}.Release|ARM.ActiveCfg = Release|Any CPU
		{D13A4CCA-6F79-4D18-9DA0-A37163C0BC55}.Release|ARM.Build.0 = Release|Any CPU
		{D13A4CCA-6F79-4D18-9DA0-A37163C0BC55}.Release|iPhone.ActiveCfg = Release|Any CPU
		{D13A4CCA-6F79-4D18-9DA0-A37163C0BC55}.Release|iPhone.Build.0 = Release|Any CPU
		{D13A4CCA-6F79-4D18-9DA0-A37163C0BC55}.Release|iPhoneSimulator.ActiveCfg = Release|Any CPU
		{D13A4CCA-6F79-4D18-9DA0-A37163C0BC55}.Release|iPhoneSimulator.Build.0 = Release|Any CPU
		{D13A4CCA-6F79-4D18-9DA0-A37163C0BC55}.Release|x64.ActiveCfg = Release|Any CPU
		{D13A4CCA-6F79-4D18-9DA0-A37163C0BC55}.Release|x64.Build.0 = Release|Any CPU
		{D13A4CCA-6F79-4D18-9DA0-A37163C0BC55}.Release|x86.ActiveCfg = Release|Any CPU
		{D13A4CCA-6F79-4D18-9DA0-A37163C0BC55}.Release|x86.Build.0 = Release|Any CPU
	EndGlobalSection
	GlobalSection(SolutionProperties) = preSolution
		HideSolutionNode = FALSE
	EndGlobalSection
	GlobalSection(ExtensibilityGlobals) = postSolution
		SolutionGuid = {C9085D61-9F0D-4FB7-8633-F526FD8ECFF7}
	EndGlobalSection
EndGlobal
